
Microsoft Visual Studio Solution File, Format Version 12.00
# Visual Studio 2012
Project("{FAE04EC0-301F-11D3-BF4B-00C04F79EFBC}") = "FloorPlanGenerator", "FloorPlanGenerator\FloorPlanGenerator.csproj", "{0785BF09-9C86-4FC3-9557-A5949F6CC319}"
EndProject
Global
	GlobalSection(SolutionConfigurationPlatforms) = preSolution
		Debug|Any CPU = Debug|Any CPU
		Release|Any CPU = Release|Any CPU
	EndGlobalSection
	GlobalSection(ProjectConfigurationPlatforms) = postSolution
		{0785BF09-9C86-4FC3-9557-A5949F6CC319}.Debug|Any CPU.ActiveCfg = Debug|Any CPU
		{0785BF09-9C86-4FC3-9557-A5949F6CC319}.Debug|Any CPU.Build.0 = Debug|Any CPU
		{0785BF09-9C86-4FC3-9557-A5949F6CC319}.Release|Any CPU.ActiveCfg = Release|Any CPU
		{0785BF09-9C86-4FC3-9557-A5949F6CC319}.Release|Any CPU.Build.0 = Release|Any CPU
	EndGlobalSection
	GlobalSection(SolutionProperties) = preSolution
		HideSolutionNode = FALSE
	EndGlobalSection
EndGlobal
